
Microsoft Visual Studio Solution File, Format Version 12.00
# Visual Studio Version 16
VisualStudioVersion = 16.0.29324.140
MinimumVisualStudioVersion = 10.0.40219.1
Project("{9A19103F-16F7-4668-BE54-9A1E7A4F7556}") = "MonitorDesktop.Shared", "MonitorDesktop.Shared\MonitorDesktop.Shared.csproj", "{CD4274C1-3679-49F1-945C-70AEECE62D95}"
EndProject
Project("{9A19103F-16F7-4668-BE54-9A1E7A4F7556}") = "MonitorDesktop.Sender", "MonitorDesktop.Sender\MonitorDesktop.Sender.csproj", "{A4B89A81-E38C-45FA-848D-FD1C86F22B54}"
EndProject
Project("{9A19103F-16F7-4668-BE54-9A1E7A4F7556}") = "MonitorDesktop.Receiver", "MonitorDesktop.Receiver\MonitorDesktop.Receiver.csproj", "{440EF1C7-1CD0-4993-AF5F-10B7F9B77F04}"
EndProject
Global
	GlobalSection(SolutionConfigurationPlatforms) = preSolution
		Debug|Any CPU = Debug|Any CPU
		Release|Any CPU = Release|Any CPU
	EndGlobalSection
	GlobalSection(ProjectConfigurationPlatforms) = postSolution
		{CD4274C1-3679-49F1-945C-70AEECE62D95}.Debug|Any CPU.ActiveCfg = Debug|Any CPU
		{CD4274C1-3679-49F1-945C-70AEECE62D95}.Debug|Any CPU.Build.0 = Debug|Any CPU
		{CD4274C1-3679-49F1-945C-70AEECE62D95}.Release|Any CPU.ActiveCfg = Release|Any CPU
		{CD4274C1-3679-49F1-945C-70AEECE62D95}.Release|Any CPU.Build.0 = Release|Any CPU
		{A4B89A81-E38C-45FA-848D-FD1C86F22B54}.Debug|Any CPU.ActiveCfg = Debug|Any CPU
		{A4B89A81-E38C-45FA-848D-FD1C86F22B54}.Debug|Any CPU.Build.0 = Debug|Any CPU
		{A4B89A81-E38C-45FA-848D-FD1C86F22B54}.Release|Any CPU.ActiveCfg = Release|Any CPU
		{A4B89A81-E38C-45FA-848D-FD1C86F22B54}.Release|Any CPU.Build.0 = Release|Any CPU
		{440EF1C7-1CD0-4993-AF5F-10B7F9B77F04}.Debug|Any CPU.ActiveCfg = Debug|Any CPU
		{440EF1C7-1CD0-4993-AF5F-10B7F9B77F04}.Debug|Any CPU.Build.0 = Debug|Any CPU
		{440EF1C7-1CD0-4993-AF5F-10B7F9B77F04}.Release|Any CPU.ActiveCfg = Release|Any CPU
		{440EF1C7-1CD0-4993-AF5F-10B7F9B77F04}.Release|Any CPU.Build.0 = Release|Any CPU
	EndGlobalSection
	GlobalSection(SolutionProperties) = preSolution
		HideSolutionNode = FALSE
	EndGlobalSection
	GlobalSection(ExtensibilityGlobals) = postSolution
		SolutionGuid = {BB65020D-62C1-47F8-BD88-C0A40150BE6C}
	EndGlobalSection
EndGlobal
